
Microsoft Visual Studio Solution File, Format Version 12.00
# Visual Studio 2012
Project("{FAE04EC0-301F-11D3-BF4B-00C04F79EFBC}") = "Test_CodeLight", "Test_CodeLight\Test_CodeLight.csproj", "{AE7B603D-B21B-4C34-9CB1-A95CA01CC430}"
EndProject
Global
	GlobalSection(SolutionConfigurationPlatforms) = preSolution
		Debug|Any CPU = Debug|Any CPU
		Release|Any CPU = Release|Any CPU
	EndGlobalSection
	GlobalSection(ProjectConfigurationPlatforms) = postSolution
		{AE7B603D-B21B-4C34-9CB1-A95CA01CC430}.Debug|Any CPU.ActiveCfg = Debug|Any CPU
		{AE7B603D-B21B-4C34-9CB1-A95CA01CC430}.Debug|Any CPU.Build.0 = Debug|Any CPU
		{AE7B603D-B21B-4C34-9CB1-A95CA01CC430}.Release|Any CPU.ActiveCfg = Release|Any CPU
		{AE7B603D-B21B-4C34-9CB1-A95CA01CC430}.Release|Any CPU.Build.0 = Release|Any CPU
	EndGlobalSection
EndGlobal
